
Microsoft Visual Studio Solution File, Format Version 12.00
# Visual Studio Version 16
VisualStudioVersion = 16.0.31205.134
MinimumVisualStudioVersion = 10.0.40219.1
Project("{FAE04EC0-301F-11D3-BF4B-00C04F79EFBC}") = "CrudNetCore5", "CrudNetCore5\CrudNetCore5.csproj", "{C5047C9D-4F21-44D7-94BD-6DD23D554D63}"
EndProject
Global
	GlobalSection(SolutionConfigurationPlatforms) = preSolution
		Debug|Any CPU = Debug|Any CPU
		Release|Any CPU = Release|Any CPU
	EndGlobalSection
	GlobalSection(ProjectConfigurationPlatforms) = postSolution
		{C5047C9D-4F21-44D7-94BD-6DD23D554D63}.Debug|Any CPU.ActiveCfg = Debug|Any CPU
		{C5047C9D-4F21-44D7-94BD-6DD23D554D63}.Debug|Any CPU.Build.0 = Debug|Any CPU
		{C5047C9D-4F21-44D7-94BD-6DD23D554D63}.Release|Any CPU.ActiveCfg = Release|Any CPU
		{C5047C9D-4F21-44D7-94BD-6DD23D554D63}.Release|Any CPU.Build.0 = Release|Any CPU
	EndGlobalSection
	GlobalSection(SolutionProperties) = preSolution
		HideSolutionNode = FALSE
	EndGlobalSection
	GlobalSection(ExtensibilityGlobals) = postSolution
		SolutionGuid = {349403E4-BA8E-40F8-8D3E-BDA1C5D437C1}
	EndGlobalSection
EndGlobal
